
Microsoft Visual Studio Solution File, Format Version 12.00
# Visual Studio Version 17
VisualStudioVersion = 17.5.002.0
MinimumVisualStudioVersion = 10.0.40219.1
Project("{2150E333-8FDC-42A3-9474-1A3956D46DE8}") = "app", "app", "{512B8EC8-6D5D-4975-8B1D-C410654B9B82}"
EndProject
Project("{FAE04EC0-301F-11D3-BF4B-00C04F79EFBC}") = "Domain", "App\Services\Domain\Domain.csproj", "{1634B8E8-ADE0-4609-8DA6-966A6FABCF5C}"
EndProject
Project("{FAE04EC0-301F-11D3-BF4B-00C04F79EFBC}") = "Gateway", "App\Gateway\Gateway.csproj", "{C1A69195-158D-4ABC-A1A9-A2276BD017E4}"
EndProject
Project("{2150E333-8FDC-42A3-9474-1A3956D46DE8}") = "Services", "Services", "{0C23B635-7475-4316-B955-110F601D3B3F}"
EndProject
Project("{2150E333-8FDC-42A3-9474-1A3956D46DE8}") = "ApplicationServices", "ApplicationServices", "{05BBE1E2-114C-4A76-A19E-77E294F3926F}"
EndProject
Project("{FAE04EC0-301F-11D3-BF4B-00C04F79EFBC}") = "Identity", "App\Services\Application\Identity\Identity.csproj", "{03776A8F-B322-4FF3-AD98-411F2C5E23A3}"
EndProject
Project("{FAE04EC0-301F-11D3-BF4B-00C04F79EFBC}") = "ProtoServer", "App\Services\ProtoServer\ProtoServer.csproj", "{B307ACCB-5240-4C1D-AC46-957F9BEE257F}"
EndProject
Project("{2150E333-8FDC-42A3-9474-1A3956D46DE8}") = "DomainServices", "DomainServices", "{5B26904E-D3FA-44B5-86EF-616E51DE06F1}"
EndProject
Project("{FAE04EC0-301F-11D3-BF4B-00C04F79EFBC}") = "Notify", "App\Services\Notify\Notify.csproj", "{0EEF0F15-6A10-4670-A254-59E9456F98A0}"
EndProject
Global
	GlobalSection(SolutionConfigurationPlatforms) = preSolution
		Debug|Any CPU = Debug|Any CPU
		Release|Any CPU = Release|Any CPU
	EndGlobalSection
	GlobalSection(ProjectConfigurationPlatforms) = postSolution
		{1634B8E8-ADE0-4609-8DA6-966A6FABCF5C}.Debug|Any CPU.ActiveCfg = Debug|Any CPU
		{1634B8E8-ADE0-4609-8DA6-966A6FABCF5C}.Debug|Any CPU.Build.0 = Debug|Any CPU
		{1634B8E8-ADE0-4609-8DA6-966A6FABCF5C}.Release|Any CPU.ActiveCfg = Release|Any CPU
		{1634B8E8-ADE0-4609-8DA6-966A6FABCF5C}.Release|Any CPU.Build.0 = Release|Any CPU
		{1CBCF863-6CEA-4036-B675-684C64F456C9}.Debug|Any CPU.ActiveCfg = Debug|Any CPU
		{1CBCF863-6CEA-4036-B675-684C64F456C9}.Debug|Any CPU.Build.0 = Debug|Any CPU
		{1CBCF863-6CEA-4036-B675-684C64F456C9}.Release|Any CPU.ActiveCfg = Release|Any CPU
		{1CBCF863-6CEA-4036-B675-684C64F456C9}.Release|Any CPU.Build.0 = Release|Any CPU
		{C1A69195-158D-4ABC-A1A9-A2276BD017E4}.Debug|Any CPU.ActiveCfg = Debug|Any CPU
		{C1A69195-158D-4ABC-A1A9-A2276BD017E4}.Debug|Any CPU.Build.0 = Debug|Any CPU
		{C1A69195-158D-4ABC-A1A9-A2276BD017E4}.Release|Any CPU.ActiveCfg = Release|Any CPU
		{C1A69195-158D-4ABC-A1A9-A2276BD017E4}.Release|Any CPU.Build.0 = Release|Any CPU
		{03776A8F-B322-4FF3-AD98-411F2C5E23A3}.Debug|Any CPU.ActiveCfg = Debug|Any CPU
		{03776A8F-B322-4FF3-AD98-411F2C5E23A3}.Debug|Any CPU.Build.0 = Debug|Any CPU
		{03776A8F-B322-4FF3-AD98-411F2C5E23A3}.Release|Any CPU.ActiveCfg = Release|Any CPU
		{03776A8F-B322-4FF3-AD98-411F2C5E23A3}.Release|Any CPU.Build.0 = Release|Any CPU
		{B307ACCB-5240-4C1D-AC46-957F9BEE257F}.Debug|Any CPU.ActiveCfg = Debug|Any CPU
		{B307ACCB-5240-4C1D-AC46-957F9BEE257F}.Debug|Any CPU.Build.0 = Debug|Any CPU
		{B307ACCB-5240-4C1D-AC46-957F9BEE257F}.Release|Any CPU.ActiveCfg = Release|Any CPU
		{B307ACCB-5240-4C1D-AC46-957F9BEE257F}.Release|Any CPU.Build.0 = Release|Any CPU
		{0EEF0F15-6A10-4670-A254-59E9456F98A0}.Debug|Any CPU.ActiveCfg = Debug|Any CPU
		{0EEF0F15-6A10-4670-A254-59E9456F98A0}.Debug|Any CPU.Build.0 = Debug|Any CPU
		{0EEF0F15-6A10-4670-A254-59E9456F98A0}.Release|Any CPU.ActiveCfg = Release|Any CPU
		{0EEF0F15-6A10-4670-A254-59E9456F98A0}.Release|Any CPU.Build.0 = Release|Any CPU
	EndGlobalSection
	GlobalSection(SolutionProperties) = preSolution
		HideSolutionNode = FALSE
	EndGlobalSection
	GlobalSection(ExtensibilityGlobals) = postSolution
		SolutionGuid = {9611547F-E512-4D0C-8572-8FC16BCBE1BA}
	EndGlobalSection
	GlobalSection(NestedProjects) = preSolution
		{0C23B635-7475-4316-B955-110F601D3B3F} = {512B8EC8-6D5D-4975-8B1D-C410654B9B82}
		{05BBE1E2-114C-4A76-A19E-77E294F3926F} = {0C23B635-7475-4316-B955-110F601D3B3F}
		{03776A8F-B322-4FF3-AD98-411F2C5E23A3} = {05BBE1E2-114C-4A76-A19E-77E294F3926F}
		{5B26904E-D3FA-44B5-86EF-616E51DE06F1} = {0C23B635-7475-4316-B955-110F601D3B3F}
		{C1A69195-158D-4ABC-A1A9-A2276BD017E4} = {512B8EC8-6D5D-4975-8B1D-C410654B9B82}
		{1634B8E8-ADE0-4609-8DA6-966A6FABCF5C} = {5B26904E-D3FA-44B5-86EF-616E51DE06F1}
		{B307ACCB-5240-4C1D-AC46-957F9BEE257F} = {5B26904E-D3FA-44B5-86EF-616E51DE06F1}
		{0EEF0F15-6A10-4670-A254-59E9456F98A0} = {05BBE1E2-114C-4A76-A19E-77E294F3926F}
	EndGlobalSection
EndGlobal
