
Microsoft Visual Studio Solution File, Format Version 12.00
# Visual Studio Version 17
VisualStudioVersion = 17.5.002.0
MinimumVisualStudioVersion = 10.0.40219.1
Project("{9A19103F-16F7-4668-BE54-9A1E7A4F7556}") = "Gateway", "Gateway.csproj", "{52F472B8-36CE-4290-838B-885BEEB0681B}"
EndProject
Global
	GlobalSection(SolutionConfigurationPlatforms) = preSolution
		Debug|Any CPU = Debug|Any CPU
		Release|Any CPU = Release|Any CPU
	EndGlobalSection
	GlobalSection(ProjectConfigurationPlatforms) = postSolution
		{52F472B8-36CE-4290-838B-885BEEB0681B}.Debug|Any CPU.ActiveCfg = Debug|Any CPU
		{52F472B8-36CE-4290-838B-885BEEB0681B}.Debug|Any CPU.Build.0 = Debug|Any CPU
		{52F472B8-36CE-4290-838B-885BEEB0681B}.Release|Any CPU.ActiveCfg = Release|Any CPU
		{52F472B8-36CE-4290-838B-885BEEB0681B}.Release|Any CPU.Build.0 = Release|Any CPU
	EndGlobalSection
	GlobalSection(SolutionProperties) = preSolution
		HideSolutionNode = FALSE
	EndGlobalSection
	GlobalSection(ExtensibilityGlobals) = postSolution
		SolutionGuid = {C0043957-02D0-4DF9-8748-58F37F98D3CA}
	EndGlobalSection
EndGlobal
